
Microsoft Visual Studio Solution File, Format Version 12.00
# Visual Studio Version 17
VisualStudioVersion = 17.14.36616.10 d17.14
MinimumVisualStudioVersion = 10.0.40219.1
Project("{FAE04EC0-301F-11D3-BF4B-00C04F79EFBC}") = "forms_sayı_tahmin", "forms_sayı_tahmin\forms_sayı_tahmin.csproj", "{DEF22251-8825-4EB5-AD88-4017BCA8ECB1}"
EndProject
Global
	GlobalSection(SolutionConfigurationPlatforms) = preSolution
		Debug|Any CPU = Debug|Any CPU
		Release|Any CPU = Release|Any CPU
	EndGlobalSection
	GlobalSection(ProjectConfigurationPlatforms) = postSolution
		{DEF22251-8825-4EB5-AD88-4017BCA8ECB1}.Debug|Any CPU.ActiveCfg = Debug|Any CPU
		{DEF22251-8825-4EB5-AD88-4017BCA8ECB1}.Debug|Any CPU.Build.0 = Debug|Any CPU
		{DEF22251-8825-4EB5-AD88-4017BCA8ECB1}.Release|Any CPU.ActiveCfg = Release|Any CPU
		{DEF22251-8825-4EB5-AD88-4017BCA8ECB1}.Release|Any CPU.Build.0 = Release|Any CPU
	EndGlobalSection
	GlobalSection(SolutionProperties) = preSolution
		HideSolutionNode = FALSE
	EndGlobalSection
	GlobalSection(ExtensibilityGlobals) = postSolution
		SolutionGuid = {E22BCD22-E4B9-4B93-ADC1-6226B5E10CA9}
	EndGlobalSection
EndGlobal
